# This file was autogenerated by Stack.
# You should not edit this file by hand.
# For more information, please see the documentation at:
#   https://docs.haskellstack.org/en/stable/topics/lock_files

packages:
- completed:
    hackage: Blammo-wai-0.0.0.2@sha256:b5d5c665d5ff919b229ff0d5ee4eea9021a848fcdbecb7dd7b17bbe64c073f21,2883
    pantry-tree:
      sha256: d018b595cf33757c7c197bd91743b4a0727569d7d9bcb828e24acb83b88dbfc7
      size: 338
  original:
    hackage: Blammo-wai-0.0.0.2
- completed:
    commit: b96614a3a361156e39441190d8d9fe7cbd8ff29a
    git: https://github.com/OlaoluwaM/bits-show.git
    name: bits-show
    pantry-tree:
      sha256: 579800966c2dc5de8ecd62136862b1423f781f5e11869518b392ef76afa15268
      size: 323
    subdir: bits-show
    version: 0.0.0.1
  original:
    commit: b96614a3a361156e39441190d8d9fe7cbd8ff29a
    git: https://github.com/OlaoluwaM/bits-show.git
    subdir: bits-show
snapshots:
- completed:
    sha256: 7e724f347d5969cb5e8dde9f9aae30996e3231c29d1dafd45f21f1700d4c4fcb
    size: 684460
    url: https://raw.githubusercontent.com/commercialhaskell/stackage-snapshots/master/lts/23/28.yaml
  original: lts-23.28
